
Microsoft Visual Studio Solution File, Format Version 12.00
# Visual Studio Version 16
VisualStudioVersion = 16.0.29424.173
MinimumVisualStudioVersion = 10.0.40219.1
Project("{2150E333-8FDC-42A3-9474-1A3956D46DE8}") = "ApiGateways", "ApiGateways", "{842AA138-FE9F-4D5B-8835-FA5BF8193AB3}"
EndProject
Project("{2150E333-8FDC-42A3-9474-1A3956D46DE8}") = "Mobile", "Mobile", "{4C9396BB-B99E-48CF-A2BC-C4B035C9F348}"
EndProject
Project("{2150E333-8FDC-42A3-9474-1A3956D46DE8}") = "Services", "Services", "{7D190DEE-D9A1-4E88-B50E-8CC148C8035D}"
EndProject
Project("{2150E333-8FDC-42A3-9474-1A3956D46DE8}") = "Web", "Web", "{C783850B-32EF-436A-A3F9-255078FB1457}"
EndProject
Project("{2150E333-8FDC-42A3-9474-1A3956D46DE8}") = "Auth", "Auth", "{AA707F43-4E13-49D9-9B6C-E96B48AA6330}"
EndProject
Project("{2150E333-8FDC-42A3-9474-1A3956D46DE8}") = "Catalog", "Catalog", "{207D7157-9AD9-4B26-988C-D486659150ED}"
EndProject
Project("{2150E333-8FDC-42A3-9474-1A3956D46DE8}") = "Payment", "Payment", "{D1BE3D5D-928C-4219-B7EB-25C2BF2DB434}"
EndProject
Project("{2150E333-8FDC-42A3-9474-1A3956D46DE8}") = "Order", "Order", "{90BE712D-027F-4BDE-AB39-62BA55D74606}"
EndProject
Project("{2150E333-8FDC-42A3-9474-1A3956D46DE8}") = "Basket", "Basket", "{359DC972-C9BA-4475-956D-C9C2701A0832}"
EndProject
Project("{2150E333-8FDC-42A3-9474-1A3956D46DE8}") = "Search", "Search", "{84378B39-52A6-4F4A-8AE4-5F8C5C67937B}"
EndProject
Project("{2150E333-8FDC-42A3-9474-1A3956D46DE8}") = "Chat", "Chat", "{84A1029B-7AF5-409D-921F-19FC48E2E224}"
EndProject
Project("{2150E333-8FDC-42A3-9474-1A3956D46DE8}") = "Content", "Content", "{EC119E18-8657-4ABA-BAAB-C9B7B16A0CC3}"
EndProject
Project("{2150E333-8FDC-42A3-9474-1A3956D46DE8}") = "CMS", "CMS", "{6C3C8D32-01B1-4FB3-ACF3-B9DCA93C4BF5}"
EndProject
Project("{9A19103F-16F7-4668-BE54-9A1E7A4F7556}") = "Auth.API", "Services\Auth\Auth.API\Auth.API.csproj", "{39D98A2B-1882-4193-AF33-16092A7C789F}"
EndProject
Project("{9A19103F-16F7-4668-BE54-9A1E7A4F7556}") = "Basket.API", "Services\Basket\Basket.API\Basket.API.csproj", "{5B2A81CB-2A5A-4E7A-B72C-098748DBC6F7}"
EndProject
Project("{9A19103F-16F7-4668-BE54-9A1E7A4F7556}") = "Catalog.API", "Services\Catalog\Catalog.API\Catalog.API.csproj", "{AB33DACE-732F-4A65-9C09-270184E2A491}"
EndProject
Project("{9A19103F-16F7-4668-BE54-9A1E7A4F7556}") = "Chat.API", "Services\Chat\Chat.API\Chat.API.csproj", "{9CBDE3C3-AFF1-41A2-8F40-E765CBADE67C}"
EndProject
Project("{9A19103F-16F7-4668-BE54-9A1E7A4F7556}") = "Order.API", "Services\Order\Order.API\Order.API.csproj", "{BDB517EF-1595-423D-89FF-54CA81135367}"
EndProject
Project("{9A19103F-16F7-4668-BE54-9A1E7A4F7556}") = "Payment.API", "Services\Payment\Payment.API\Payment.API.csproj", "{62158B18-EAD0-49BE-B6FF-FE89A5822974}"
EndProject
Project("{9A19103F-16F7-4668-BE54-9A1E7A4F7556}") = "Search.API", "Services\Search\Search.API\Search.API.csproj", "{8902880E-1716-4068-9168-BC651A49EB4E}"
EndProject
Project("{9A19103F-16F7-4668-BE54-9A1E7A4F7556}") = "Content.API", "Services\Content\Content.API\Content.API.csproj", "{F5332390-9152-4B59-AB9D-084655407061}"
EndProject
Project("{FAE04EC0-301F-11D3-BF4B-00C04F79EFBC}") = "Catalog.DataLayer", "Services\Catalog\Catalog.DataLayer\Catalog.DataLayer.csproj", "{1E7603B1-B44D-487C-A116-7F6063E1FFE9}"
EndProject
Project("{2150E333-8FDC-42A3-9474-1A3956D46DE8}") = "Shared", "Shared", "{1FB5CC8B-5CC9-4800-A548-B7E80A2A2D5A}"
EndProject
Project("{FAE04EC0-301F-11D3-BF4B-00C04F79EFBC}") = "Shared.DataLayer", "Services\Shared\Shared.DataLayer\Shared.DataLayer.csproj", "{3F592678-9DD7-487B-97E8-9DFFE801397F}"
EndProject
Global
	GlobalSection(SolutionConfigurationPlatforms) = preSolution
		Debug|Any CPU = Debug|Any CPU
		Release|Any CPU = Release|Any CPU
	EndGlobalSection
	GlobalSection(ProjectConfigurationPlatforms) = postSolution
		{39D98A2B-1882-4193-AF33-16092A7C789F}.Debug|Any CPU.ActiveCfg = Debug|Any CPU
		{39D98A2B-1882-4193-AF33-16092A7C789F}.Debug|Any CPU.Build.0 = Debug|Any CPU
		{39D98A2B-1882-4193-AF33-16092A7C789F}.Release|Any CPU.ActiveCfg = Release|Any CPU
		{39D98A2B-1882-4193-AF33-16092A7C789F}.Release|Any CPU.Build.0 = Release|Any CPU
		{5B2A81CB-2A5A-4E7A-B72C-098748DBC6F7}.Debug|Any CPU.ActiveCfg = Debug|Any CPU
		{5B2A81CB-2A5A-4E7A-B72C-098748DBC6F7}.Debug|Any CPU.Build.0 = Debug|Any CPU
		{5B2A81CB-2A5A-4E7A-B72C-098748DBC6F7}.Release|Any CPU.ActiveCfg = Release|Any CPU
		{5B2A81CB-2A5A-4E7A-B72C-098748DBC6F7}.Release|Any CPU.Build.0 = Release|Any CPU
		{AB33DACE-732F-4A65-9C09-270184E2A491}.Debug|Any CPU.ActiveCfg = Debug|Any CPU
		{AB33DACE-732F-4A65-9C09-270184E2A491}.Debug|Any CPU.Build.0 = Debug|Any CPU
		{AB33DACE-732F-4A65-9C09-270184E2A491}.Release|Any CPU.ActiveCfg = Release|Any CPU
		{AB33DACE-732F-4A65-9C09-270184E2A491}.Release|Any CPU.Build.0 = Release|Any CPU
		{9CBDE3C3-AFF1-41A2-8F40-E765CBADE67C}.Debug|Any CPU.ActiveCfg = Debug|Any CPU
		{9CBDE3C3-AFF1-41A2-8F40-E765CBADE67C}.Debug|Any CPU.Build.0 = Debug|Any CPU
		{9CBDE3C3-AFF1-41A2-8F40-E765CBADE67C}.Release|Any CPU.ActiveCfg = Release|Any CPU
		{9CBDE3C3-AFF1-41A2-8F40-E765CBADE67C}.Release|Any CPU.Build.0 = Release|Any CPU
		{BDB517EF-1595-423D-89FF-54CA81135367}.Debug|Any CPU.ActiveCfg = Debug|Any CPU
		{BDB517EF-1595-423D-89FF-54CA81135367}.Debug|Any CPU.Build.0 = Debug|Any CPU
		{BDB517EF-1595-423D-89FF-54CA81135367}.Release|Any CPU.ActiveCfg = Release|Any CPU
		{BDB517EF-1595-423D-89FF-54CA81135367}.Release|Any CPU.Build.0 = Release|Any CPU
		{62158B18-EAD0-49BE-B6FF-FE89A5822974}.Debug|Any CPU.ActiveCfg = Debug|Any CPU
		{62158B18-EAD0-49BE-B6FF-FE89A5822974}.Debug|Any CPU.Build.0 = Debug|Any CPU
		{62158B18-EAD0-49BE-B6FF-FE89A5822974}.Release|Any CPU.ActiveCfg = Release|Any CPU
		{62158B18-EAD0-49BE-B6FF-FE89A5822974}.Release|Any CPU.Build.0 = Release|Any CPU
		{8902880E-1716-4068-9168-BC651A49EB4E}.Debug|Any CPU.ActiveCfg = Debug|Any CPU
		{8902880E-1716-4068-9168-BC651A49EB4E}.Debug|Any CPU.Build.0 = Debug|Any CPU
		{8902880E-1716-4068-9168-BC651A49EB4E}.Release|Any CPU.ActiveCfg = Release|Any CPU
		{8902880E-1716-4068-9168-BC651A49EB4E}.Release|Any CPU.Build.0 = Release|Any CPU
		{F5332390-9152-4B59-AB9D-084655407061}.Debug|Any CPU.ActiveCfg = Debug|Any CPU
		{F5332390-9152-4B59-AB9D-084655407061}.Debug|Any CPU.Build.0 = Debug|Any CPU
		{F5332390-9152-4B59-AB9D-084655407061}.Release|Any CPU.ActiveCfg = Release|Any CPU
		{F5332390-9152-4B59-AB9D-084655407061}.Release|Any CPU.Build.0 = Release|Any CPU
		{1E7603B1-B44D-487C-A116-7F6063E1FFE9}.Debug|Any CPU.ActiveCfg = Debug|Any CPU
		{1E7603B1-B44D-487C-A116-7F6063E1FFE9}.Debug|Any CPU.Build.0 = Debug|Any CPU
		{1E7603B1-B44D-487C-A116-7F6063E1FFE9}.Release|Any CPU.ActiveCfg = Release|Any CPU
		{1E7603B1-B44D-487C-A116-7F6063E1FFE9}.Release|Any CPU.Build.0 = Release|Any CPU
		{3F592678-9DD7-487B-97E8-9DFFE801397F}.Debug|Any CPU.ActiveCfg = Debug|Any CPU
		{3F592678-9DD7-487B-97E8-9DFFE801397F}.Debug|Any CPU.Build.0 = Debug|Any CPU
		{3F592678-9DD7-487B-97E8-9DFFE801397F}.Release|Any CPU.ActiveCfg = Release|Any CPU
		{3F592678-9DD7-487B-97E8-9DFFE801397F}.Release|Any CPU.Build.0 = Release|Any CPU
	EndGlobalSection
	GlobalSection(SolutionProperties) = preSolution
		HideSolutionNode = FALSE
	EndGlobalSection
	GlobalSection(NestedProjects) = preSolution
		{AA707F43-4E13-49D9-9B6C-E96B48AA6330} = {7D190DEE-D9A1-4E88-B50E-8CC148C8035D}
		{207D7157-9AD9-4B26-988C-D486659150ED} = {7D190DEE-D9A1-4E88-B50E-8CC148C8035D}
		{D1BE3D5D-928C-4219-B7EB-25C2BF2DB434} = {7D190DEE-D9A1-4E88-B50E-8CC148C8035D}
		{90BE712D-027F-4BDE-AB39-62BA55D74606} = {7D190DEE-D9A1-4E88-B50E-8CC148C8035D}
		{359DC972-C9BA-4475-956D-C9C2701A0832} = {7D190DEE-D9A1-4E88-B50E-8CC148C8035D}
		{84378B39-52A6-4F4A-8AE4-5F8C5C67937B} = {7D190DEE-D9A1-4E88-B50E-8CC148C8035D}
		{84A1029B-7AF5-409D-921F-19FC48E2E224} = {7D190DEE-D9A1-4E88-B50E-8CC148C8035D}
		{EC119E18-8657-4ABA-BAAB-C9B7B16A0CC3} = {7D190DEE-D9A1-4E88-B50E-8CC148C8035D}
		{39D98A2B-1882-4193-AF33-16092A7C789F} = {AA707F43-4E13-49D9-9B6C-E96B48AA6330}
		{5B2A81CB-2A5A-4E7A-B72C-098748DBC6F7} = {359DC972-C9BA-4475-956D-C9C2701A0832}
		{AB33DACE-732F-4A65-9C09-270184E2A491} = {207D7157-9AD9-4B26-988C-D486659150ED}
		{9CBDE3C3-AFF1-41A2-8F40-E765CBADE67C} = {84A1029B-7AF5-409D-921F-19FC48E2E224}
		{BDB517EF-1595-423D-89FF-54CA81135367} = {90BE712D-027F-4BDE-AB39-62BA55D74606}
		{62158B18-EAD0-49BE-B6FF-FE89A5822974} = {D1BE3D5D-928C-4219-B7EB-25C2BF2DB434}
		{8902880E-1716-4068-9168-BC651A49EB4E} = {84378B39-52A6-4F4A-8AE4-5F8C5C67937B}
		{F5332390-9152-4B59-AB9D-084655407061} = {EC119E18-8657-4ABA-BAAB-C9B7B16A0CC3}
		{1E7603B1-B44D-487C-A116-7F6063E1FFE9} = {207D7157-9AD9-4B26-988C-D486659150ED}
		{1FB5CC8B-5CC9-4800-A548-B7E80A2A2D5A} = {7D190DEE-D9A1-4E88-B50E-8CC148C8035D}
		{3F592678-9DD7-487B-97E8-9DFFE801397F} = {1FB5CC8B-5CC9-4800-A548-B7E80A2A2D5A}
	EndGlobalSection
	GlobalSection(ExtensibilityGlobals) = postSolution
		SolutionGuid = {61DABCD2-5148-4806-A9C1-B7F97B4AF004}
	EndGlobalSection
EndGlobal
